<Solution>
  <Folder Name="/src/">
    <Project Path="src/Vulcano.Core/Vulcano.Core.csproj" />
    <Project Path="src/Vulcano.App/Vulcano.App.csproj" />
    <Project Path="src/Vulcano.Bluetooth.Windows/Vulcano.Bluetooth.Windows.csproj" />
  </Folder>
  <Folder Name="/tests/">
    <Project Path="tests/Vulcano.Core.Tests/Vulcano.Core.Tests.csproj" />
    <Project Path="tests/Vulcano.TestSupport/Vulcano.TestSupport.csproj" />
    <Project Path="tests/Vulcano.App.Tests/Vulcano.App.Tests.csproj" />
  </Folder>
  <Folder Name="/tools/">
    <!-- Records heating and cooling from a real device; not shipped with the app. -->
    <Project Path="tools/Vulcano.Measure/Vulcano.Measure.csproj" />
  </Folder>
  <Folder Name="/legacy/">
    <!-- The WPF app stays buildable until the Avalonia rewrite replaces it. -->
    <Project Path="Vulcano-Control/Vulcano-Control.csproj" />
  </Folder>
</Solution>
